
Microsoft Visual Studio Solution File, Format Version 12.00
# Visual Studio 14
VisualStudioVersion = 14.0.25420.1
MinimumVisualStudioVersion = 10.0.40219.1
Project("{FAE04EC0-301F-11D3-BF4B-00C04F79EFBC}") = "AccountHandler", "AccountHandler\AccountHandler.csproj", "{12326761-3791-4BD6-B6B0-B2CBD5367539}"
EndProject
Project("{FAE04EC0-301F-11D3-BF4B-00C04F79EFBC}") = "ConcreteAccount", "ConcreteAccount\ConcreteAccount.csproj", "{671D0AC4-5B46-4D9D-BCB2-E3EE5ABE94A8}"
EndProject
Global
	GlobalSection(SolutionConfigurationPlatforms) = preSolution
		Debug|Any CPU = Debug|Any CPU
		Release|Any CPU = Release|Any CPU
	EndGlobalSection
	GlobalSection(ProjectConfigurationPlatforms) = postSolution
		{12326761-3791-4BD6-B6B0-B2CBD5367539}.Debug|Any CPU.ActiveCfg = Debug|Any CPU
		{12326761-3791-4BD6-B6B0-B2CBD5367539}.Debug|Any CPU.Build.0 = Debug|Any CPU
		{12326761-3791-4BD6-B6B0-B2CBD5367539}.Release|Any CPU.ActiveCfg = Release|Any CPU
		{12326761-3791-4BD6-B6B0-B2CBD5367539}.Release|Any CPU.Build.0 = Release|Any CPU
		{671D0AC4-5B46-4D9D-BCB2-E3EE5ABE94A8}.Debug|Any CPU.ActiveCfg = Debug|Any CPU
		{671D0AC4-5B46-4D9D-BCB2-E3EE5ABE94A8}.Debug|Any CPU.Build.0 = Debug|Any CPU
		{671D0AC4-5B46-4D9D-BCB2-E3EE5ABE94A8}.Release|Any CPU.ActiveCfg = Release|Any CPU
		{671D0AC4-5B46-4D9D-BCB2-E3EE5ABE94A8}.Release|Any CPU.Build.0 = Release|Any CPU
	EndGlobalSection
	GlobalSection(SolutionProperties) = preSolution
		HideSolutionNode = FALSE
	EndGlobalSection
EndGlobal
